Microsoft Visual Studio Solution File, Format Version 12.00
# Visual Studio Version 17
VisualStudioVersion = 17.0.31906.289
MinimumVisualStudioVersion = 10.0.40219.1
Project("{FAE04EC0-301F-11D3-BF4B-00C04F79EFBC}") = "MvcAppToModernize", "MvcWebApplication\MvcWebApplication.csproj", "{F35BDAB4-1263-4B18-9A13-A2F0C6C1F8D4}"
EndProject
Project("{FAE04EC0-301F-11D3-BF4B-00C04F79EFBC}") = "ServiceLayer", "ServiceLayer\ServiceLayer.csproj", "{0FF2607F-8538-4FE8-890C-425C2BBB0255}"
EndProject
Project("{FAE04EC0-301F-11D3-BF4B-00C04F79EFBC}") = "RepositoryLayer", "RepositoryLayer\RepositoryLayer.csproj", "{F4F9734F-AF0B-43B9-994A-A60F3D6F519E}"
EndProject
Project("{FAE04EC0-301F-11D3-BF4B-00C04F79EFBC}") = "Model", "Model\Model.csproj", "{3FAD749F-C700-47E4-8E45-26E58379C9ED}"
EndProject
Project("{FAE04EC0-301F-11D3-BF4B-00C04F79EFBC}") = "Entity", "Entity\Entity.csproj", "{53D82D25-D22F-4C5D-9EB0-D168C3B76547}"
EndProject
Global
	GlobalSection(SolutionConfigurationPlatforms) = preSolution
		Debug|Any CPU = Debug|Any CPU
		Release|Any CPU = Release|Any CPU
	EndGlobalSection
	GlobalSection(ProjectConfigurationPlatforms) = postSolution
		{F35BDAB4-1263-4B18-9A13-A2F0C6C1F8D4}.Debug|Any CPU.ActiveCfg = Debug|Any CPU
		{F35BDAB4-1263-4B18-9A13-A2F0C6C1F8D4}.Debug|Any CPU.Build.0 = Debug|Any CPU
		{F35BDAB4-1263-4B18-9A13-A2F0C6C1F8D4}.Release|Any CPU.ActiveCfg = Release|Any CPU
		{F35BDAB4-1263-4B18-9A13-A2F0C6C1F8D4}.Release|Any CPU.Build.0 = Release|Any CPU
		{0FF2607F-8538-4FE8-890C-425C2BBB0255}.Debug|Any CPU.ActiveCfg = Debug|Any CPU
		{0FF2607F-8538-4FE8-890C-425C2BBB0255}.Debug|Any CPU.Build.0 = Debug|Any CPU
		{0FF2607F-8538-4FE8-890C-425C2BBB0255}.Release|Any CPU.ActiveCfg = Release|Any CPU
		{0FF2607F-8538-4FE8-890C-425C2BBB0255}.Release|Any CPU.Build.0 = Release|Any CPU
		{F4F9734F-AF0B-43B9-994A-A60F3D6F519E}.Debug|Any CPU.ActiveCfg = Debug|Any CPU
		{F4F9734F-AF0B-43B9-994A-A60F3D6F519E}.Debug|Any CPU.Build.0 = Debug|Any CPU
		{F4F9734F-AF0B-43B9-994A-A60F3D6F519E}.Release|Any CPU.ActiveCfg = Release|Any CPU
		{F4F9734F-AF0B-43B9-994A-A60F3D6F519E}.Release|Any CPU.Build.0 = Release|Any CPU
		{3FAD749F-C700-47E4-8E45-26E58379C9ED}.Debug|Any CPU.ActiveCfg = Debug|Any CPU
		{3FAD749F-C700-47E4-8E45-26E58379C9ED}.Debug|Any CPU.Build.0 = Debug|Any CPU
		{3FAD749F-C700-47E4-8E45-26E58379C9ED}.Release|Any CPU.ActiveCfg = Release|Any CPU
		{3FAD749F-C700-47E4-8E45-26E58379C9ED}.Release|Any CPU.Build.0 = Release|Any CPU
		{53D82D25-D22F-4C5D-9EB0-D168C3B76547}.Debug|Any CPU.ActiveCfg = Debug|Any CPU
		{53D82D25-D22F-4C5D-9EB0-D168C3B76547}.Debug|Any CPU.Build.0 = Debug|Any CPU
		{53D82D25-D22F-4C5D-9EB0-D168C3B76547}.Release|Any CPU.ActiveCfg = Release|Any CPU
		{53D82D25-D22F-4C5D-9EB0-D168C3B76547}.Release|Any CPU.Build.0 = Release|Any CPU
	EndGlobalSection
	GlobalSection(SolutionProperties) = preSolution
		HideSolutionNode = FALSE
	EndGlobalSection
EndGlobal
